// !$*UTF8*$!
{
	archiveVersion = 1;
	classes = {
	};
	objectVersion = 77;
	objects = {

/* Begin PBXBuildFile section */
		1F580AC2C4C83A7BECA2FE35 /* HabitModelTests.swift in Sources */ = {isa = PBXBuildFile; fileRef = 6867EB4E03DE850E9B9B67A7 /* HabitModelTests.swift */; };
		35CEFC2C0F66B1CEB4D8EE48 /* EmojiPickerTests.swift in Sources */ = {isa = PBXBuildFile; fileRef = EF46C5C2A08D368DCAD9721C /* EmojiPickerTests.swift */; };
		39450D2EEF7DE83C4F7C328D /* PageContentView.swift in Sources */ = {isa = PBXBuildFile; fileRef = F05ADF44465ADB3148250823 /* PageContentView.swift */; };
		477E8365631C9C4FD4778572 /* PixelIconSnapshotTests.swift in Sources */ = {isa = PBXBuildFile; fileRef = AD925560425AC09D9809C873 /* PixelIconSnapshotTests.swift */; };
		52A337AB988DDABEAA639F1E /* PixelRingSnapshotTests.swift in Sources */ = {isa = PBXBuildFile; fileRef = 0590221A16B8D6CBE2BEF7A0 /* PixelRingSnapshotTests.swift */; };
		52A713F8F246F34FAC6683A6 /* PixelFontSnapshotTests.swift in Sources */ = {isa = PBXBuildFile; fileRef = 6ECD91A1958D5E9519131442 /* PixelFontSnapshotTests.swift */; };
		6542FB6D68F93C49CD535F51 /* HeaderView.swift in Sources */ = {isa = PBXBuildFile; fileRef = E9A6A77B9FAC10693177FCB8 /* HeaderView.swift */; };
		65FBEA75EF1630BC0FAEFC97 /* HabitMapCore in Frameworks */ = {isa = PBXBuildFile; productRef = 22AF425A965F27DE9A8361EF /* HabitMapCore */; };
		676FBF409FCB0281DBAEB69B /* PlaceholderTests.swift in Sources */ = {isa = PBXBuildFile; fileRef = BAB9F4F78A9F08546C68650B /* PlaceholderTests.swift */; };
		6FC75F9B2B284442AC704AC0 /* PixelButtonSnapshotTests.swift in Sources */ = {isa = PBXBuildFile; fileRef = 02921A0BEC8F6BB0C4615565 /* PixelButtonSnapshotTests.swift */; };
		7CB345DE49CB46018677CA6B /* PixelToggleSnapshotTests.swift in Sources */ = {isa = PBXBuildFile; fileRef = C714E17DF87A531BC092CE1C /* PixelToggleSnapshotTests.swift */; };
		98FF2CE8246EDFFC3AF2495D /* FABSnapshotTests.swift in Sources */ = {isa = PBXBuildFile; fileRef = 5CE5ABBCEAA2B6B3A25A1B2E /* FABSnapshotTests.swift */; };
		9B272DE7317EEE170275993F /* TodayFlowUITests.swift in Sources */ = {isa = PBXBuildFile; fileRef = 528A8798A1DAFC93A73B57EF /* TodayFlowUITests.swift */; };
		AC6A4EFE71F15FF57178E984 /* Assets.xcassets in Resources */ = {isa = PBXBuildFile; fileRef = 666A9CAEF9035E1CB69A370C /* Assets.xcassets */; };
		B1342A8249100E4E31F7FE53 /* TodayView.swift in Sources */ = {isa = PBXBuildFile; fileRef = B0C8B85F9E459014512D0187 /* TodayView.swift */; };
		B41D509393C9081266DDB4B2 /* ColorHexTests.swift in Sources */ = {isa = PBXBuildFile; fileRef = EB4431BA3EA255EC3438DD0D /* ColorHexTests.swift */; };
		BB5D4B20EBD3A96EA719AABF /* SnapshotTesting in Frameworks */ = {isa = PBXBuildFile; productRef = 914257ACAF85AA8CC4F6DC59 /* SnapshotTesting */; };
		BC2DC3B2CD26F9F92EAA4636 /* WeekdayPickerSnapshotTests.swift in Sources */ = {isa = PBXBuildFile; fileRef = CA202B6F37F514E81B92D0A2 /* WeekdayPickerSnapshotTests.swift */; };
		C04E762AACE3FF178FEA9021 /* HabitMapCore in Frameworks */ = {isa = PBXBuildFile; productRef = 20081F59EA1F2A1D6E9BA4A7 /* HabitMapCore */; };
		CD19CEC342E600095D419F79 /* HabitMapApp.swift in Sources */ = {isa = PBXBuildFile; fileRef = CA38D53212FC1844B646528A /* HabitMapApp.swift */; };
		D0D3974CDC3B9B34A4BF4AF7 /* RecoveryRateTests.swift in Sources */ = {isa = PBXBuildFile; fileRef = 1E12346CC6F002AB6DC0D83C /* RecoveryRateTests.swift */; };
		E15C6799EE4634CD70E13166 /* HabitCellSnapshotTests.swift in Sources */ = {isa = PBXBuildFile; fileRef = A9E46B5D9C57ADB18D076944 /* HabitCellSnapshotTests.swift */; };
		E4A006FF7F05B265EF3D4D57 /* TabBar.swift in Sources */ = {isa = PBXBuildFile; fileRef = AD8A3DDBD88BF74A635D82D8 /* TabBar.swift */; };
		F82555E731C9E9C11900E5EF /* AccentSwatchPickerSnapshotTests.swift in Sources */ = {isa = PBXBuildFile; fileRef = 991577090BA44CC552EA9580 /* AccentSwatchPickerSnapshotTests.swift */; };
		F934E0E95408BCCA8E7B63D2 /* HabitRow.swift in Sources */ = {isa = PBXBuildFile; fileRef = 50D1325189BA3E27ED7993C4 /* HabitRow.swift */; };
/* End PBXBuildFile section */

/* Begin PBXContainerItemProxy section */
		8835A193184F634EB1C7B0E0 /* PBXContainerItemProxy */ = {
			isa = PBXContainerItemProxy;
			containerPortal = 76718BD088F133390C1A24F9 /* Project object */;
			proxyType = 1;
			remoteGlobalIDString = 8A59C75D44111A57A0B9A8E0;
			remoteInfo = HabitMap;
		};
		AAFF25D6786C70587BB3AF51 /* PBXContainerItemProxy */ = {
			isa = PBXContainerItemProxy;
			containerPortal = 76718BD088F133390C1A24F9 /* Project object */;
			proxyType = 1;
			remoteGlobalIDString = 8A59C75D44111A57A0B9A8E0;
			remoteInfo = HabitMap;
		};
/* End PBXContainerItemProxy section */

/* Begin PBXFileReference section */
		02921A0BEC8F6BB0C4615565 /* PixelButtonSnapshotTests.swift */ = {isa = PBXFileReference; lastKnownFileType = sourcecode.swift; path = PixelButtonSnapshotTests.swift; sourceTree = "<group>"; };
		0590221A16B8D6CBE2BEF7A0 /* PixelRingSnapshotTests.swift */ = {isa = PBXFileReference; lastKnownFileType = sourcecode.swift; path = PixelRingSnapshotTests.swift; sourceTree = "<group>"; };
		1E12346CC6F002AB6DC0D83C /* RecoveryRateTests.swift */ = {isa = PBXFileReference; lastKnownFileType = sourcecode.swift; path = RecoveryRateTests.swift; sourceTree = "<group>"; };
		25F2C19BE624A35996F3DCEE /* HabitMap.entitlements */ = {isa = PBXFileReference; lastKnownFileType = text.plist.entitlements; path = HabitMap.entitlements; sourceTree = "<group>"; };
		4122B53BF8BC5E405F067E6A /* HabitMapUITests.xctest */ = {isa = PBXFileReference; includeInIndex = 0; lastKnownFileType = wrapper.cfbundle; path = HabitMapUITests.xctest; sourceTree = BUILT_PRODUCTS_DIR; };
		50D1325189BA3E27ED7993C4 /* HabitRow.swift */ = {isa = PBXFileReference; lastKnownFileType = sourcecode.swift; path = HabitRow.swift; sourceTree = "<group>"; };
		528A8798A1DAFC93A73B57EF /* TodayFlowUITests.swift */ = {isa = PBXFileReference; lastKnownFileType = sourcecode.swift; path = TodayFlowUITests.swift; sourceTree = "<group>"; };
		5CE5ABBCEAA2B6B3A25A1B2E /* FABSnapshotTests.swift */ = {isa = PBXFileReference; lastKnownFileType = sourcecode.swift; path = FABSnapshotTests.swift; sourceTree = "<group>"; };
		666A9CAEF9035E1CB69A370C /* Assets.xcassets */ = {isa = PBXFileReference; lastKnownFileType = folder.assetcatalog; path = Assets.xcassets; sourceTree = "<group>"; };
		6867EB4E03DE850E9B9B67A7 /* HabitModelTests.swift */ = {isa = PBXFileReference; lastKnownFileType = sourcecode.swift; path = HabitModelTests.swift; sourceTree = "<group>"; };
		6ECD91A1958D5E9519131442 /* PixelFontSnapshotTests.swift */ = {isa = PBXFileReference; lastKnownFileType = sourcecode.swift; path = PixelFontSnapshotTests.swift; sourceTree = "<group>"; };
		7CCBE0C6D656FA4D1DC4322C /* HabitMap.app */ = {isa = PBXFileReference; includeInIndex = 0; lastKnownFileType = wrapper.application; path = HabitMap.app; sourceTree = BUILT_PRODUCTS_DIR; };
		83929D2082830E8608F7059A /* HabitMapCoreTests.xctest */ = {isa = PBXFileReference; includeInIndex = 0; lastKnownFileType = wrapper.cfbundle; path = HabitMapCoreTests.xctest; sourceTree = BUILT_PRODUCTS_DIR; };
		918E28AE500178239BCE50AC /* Info.plist */ = {isa = PBXFileReference; lastKnownFileType = text.plist; path = Info.plist; sourceTree = "<group>"; };
		991577090BA44CC552EA9580 /* AccentSwatchPickerSnapshotTests.swift */ = {isa = PBXFileReference; lastKnownFileType = sourcecode.swift; path = AccentSwatchPickerSnapshotTests.swift; sourceTree = "<group>"; };
		A693F224D8658BE4AD0629A3 /* HabitMapCore */ = {isa = PBXFileReference; lastKnownFileType = folder; name = HabitMapCore; path = Packages/HabitMapCore; sourceTree = SOURCE_ROOT; };
		A9E46B5D9C57ADB18D076944 /* HabitCellSnapshotTests.swift */ = {isa = PBXFileReference; lastKnownFileType = sourcecode.swift; path = HabitCellSnapshotTests.swift; sourceTree = "<group>"; };
		AD8A3DDBD88BF74A635D82D8 /* TabBar.swift */ = {isa = PBXFileReference; lastKnownFileType = sourcecode.swift; path = TabBar.swift; sourceTree = "<group>"; };
		AD925560425AC09D9809C873 /* PixelIconSnapshotTests.swift */ = {isa = PBXFileReference; lastKnownFileType = sourcecode.swift; path = PixelIconSnapshotTests.swift; sourceTree = "<group>"; };
		B0C8B85F9E459014512D0187 /* TodayView.swift */ = {isa = PBXFileReference; lastKnownFileType = sourcecode.swift; path = TodayView.swift; sourceTree = "<group>"; };
		BAB9F4F78A9F08546C68650B /* PlaceholderTests.swift */ = {isa = PBXFileReference; lastKnownFileType = sourcecode.swift; path = PlaceholderTests.swift; sourceTree = "<group>"; };
		C714E17DF87A531BC092CE1C /* PixelToggleSnapshotTests.swift */ = {isa = PBXFileReference; lastKnownFileType = sourcecode.swift; path = PixelToggleSnapshotTests.swift; sourceTree = "<group>"; };
		CA202B6F37F514E81B92D0A2 /* WeekdayPickerSnapshotTests.swift */ = {isa = PBXFileReference; lastKnownFileType = sourcecode.swift; path = WeekdayPickerSnapshotTests.swift; sourceTree = "<group>"; };
		CA38D53212FC1844B646528A /* HabitMapApp.swift */ = {isa = PBXFileReference; lastKnownFileType = sourcecode.swift; path = HabitMapApp.swift; sourceTree = "<group>"; };
		E9A6A77B9FAC10693177FCB8 /* HeaderView.swift */ = {isa = PBXFileReference; lastKnownFileType = sourcecode.swift; path = HeaderView.swift; sourceTree = "<group>"; };
		EB4431BA3EA255EC3438DD0D /* ColorHexTests.swift */ = {isa = PBXFileReference; lastKnownFileType = sourcecode.swift; path = ColorHexTests.swift; sourceTree = "<group>"; };
		EF46C5C2A08D368DCAD9721C /* EmojiPickerTests.swift */ = {isa = PBXFileReference; lastKnownFileType = sourcecode.swift; path = EmojiPickerTests.swift; sourceTree = "<group>"; };
		F05ADF44465ADB3148250823 /* PageContentView.swift */ = {isa = PBXFileReference; lastKnownFileType = sourcecode.swift; path = PageContentView.swift; sourceTree = "<group>"; };
/* End PBXFileReference section */

/* Begin PBXFrameworksBuildPhase section */
		9E9846936D8CFE934BBE0AF7 /* Frameworks */ = {
			isa = PBXFrameworksBuildPhase;
			buildActionMask = 2147483647;
			files = (
				C04E762AACE3FF178FEA9021 /* HabitMapCore in Frameworks */,
				BB5D4B20EBD3A96EA719AABF /* SnapshotTesting in Frameworks */,
			);
			runOnlyForDeploymentPostprocessing = 0;
		};
		F693C0518EFB036F999E5F42 /* Frameworks */ = {
			isa = PBXFrameworksBuildPhase;
			buildActionMask = 2147483647;
			files = (
				65FBEA75EF1630BC0FAEFC97 /* HabitMapCore in Frameworks */,
			);
			runOnlyForDeploymentPostprocessing = 0;
		};
/* End PBXFrameworksBuildPhase section */

/* Begin PBXGroup section */
		015ACAEF8ADE8FE7614C6611 /* Screens */ = {
			isa = PBXGroup;
			children = (
				97BB74405CD2CCD9E080F389 /* Today */,
			);
			path = Screens;
			sourceTree = "<group>";
		};
		189AB5089FBC98992EE1932A /* HabitMapUITests */ = {
			isa = PBXGroup;
			children = (
				528A8798A1DAFC93A73B57EF /* TodayFlowUITests.swift */,
			);
			path = HabitMapUITests;
			sourceTree = "<group>";
		};
		3F7EDC6D5C91557CD1D4906E /* HabitMap */ = {
			isa = PBXGroup;
			children = (
				666A9CAEF9035E1CB69A370C /* Assets.xcassets */,
				25F2C19BE624A35996F3DCEE /* HabitMap.entitlements */,
				CA38D53212FC1844B646528A /* HabitMapApp.swift */,
				918E28AE500178239BCE50AC /* Info.plist */,
				015ACAEF8ADE8FE7614C6611 /* Screens */,
			);
			path = HabitMap;
			sourceTree = "<group>";
		};
		588B26A14CF8C5CF267E6EB5 /* Packages */ = {
			isa = PBXGroup;
			children = (
				A693F224D8658BE4AD0629A3 /* HabitMapCore */,
				789CACB2BDBBA5CB443087C6 /* HabitMapCore */,
			);
			path = Packages;
			sourceTree = "<group>";
		};
		789CACB2BDBBA5CB443087C6 /* HabitMapCore */ = {
			isa = PBXGroup;
			children = (
				BDA232FC989DED6277B5CF2E /* Tests */,
			);
			path = HabitMapCore;
			sourceTree = "<group>";
		};
		97BB74405CD2CCD9E080F389 /* Today */ = {
			isa = PBXGroup;
			children = (
				50D1325189BA3E27ED7993C4 /* HabitRow.swift */,
				E9A6A77B9FAC10693177FCB8 /* HeaderView.swift */,
				F05ADF44465ADB3148250823 /* PageContentView.swift */,
				AD8A3DDBD88BF74A635D82D8 /* TabBar.swift */,
				B0C8B85F9E459014512D0187 /* TodayView.swift */,
			);
			path = Today;
			sourceTree = "<group>";
		};
		B437A43775B19AB0E5406F68 = {
			isa = PBXGroup;
			children = (
				ED245BC967A1C02FA28D225E /* Apps */,
				588B26A14CF8C5CF267E6EB5 /* Packages */,
				ED9C9E8F17236413F6D97225 /* Products */,
			);
			sourceTree = "<group>";
		};
		BDA232FC989DED6277B5CF2E /* Tests */ = {
			isa = PBXGroup;
			children = (
				E5EA0B563978DBB991FA6DC5 /* HabitMapCoreTests */,
			);
			path = Tests;
			sourceTree = "<group>";
		};
		D5265F109CD6C5DDA6778A5A /* iOS */ = {
			isa = PBXGroup;
			children = (
				3F7EDC6D5C91557CD1D4906E /* HabitMap */,
				189AB5089FBC98992EE1932A /* HabitMapUITests */,
			);
			path = iOS;
			sourceTree = "<group>";
		};
		E5EA0B563978DBB991FA6DC5 /* HabitMapCoreTests */ = {
			isa = PBXGroup;
			children = (
				991577090BA44CC552EA9580 /* AccentSwatchPickerSnapshotTests.swift */,
				EB4431BA3EA255EC3438DD0D /* ColorHexTests.swift */,
				EF46C5C2A08D368DCAD9721C /* EmojiPickerTests.swift */,
				5CE5ABBCEAA2B6B3A25A1B2E /* FABSnapshotTests.swift */,
				A9E46B5D9C57ADB18D076944 /* HabitCellSnapshotTests.swift */,
				6867EB4E03DE850E9B9B67A7 /* HabitModelTests.swift */,
				02921A0BEC8F6BB0C4615565 /* PixelButtonSnapshotTests.swift */,
				6ECD91A1958D5E9519131442 /* PixelFontSnapshotTests.swift */,
				AD925560425AC09D9809C873 /* PixelIconSnapshotTests.swift */,
				0590221A16B8D6CBE2BEF7A0 /* PixelRingSnapshotTests.swift */,
				C714E17DF87A531BC092CE1C /* PixelToggleSnapshotTests.swift */,
				BAB9F4F78A9F08546C68650B /* PlaceholderTests.swift */,
				1E12346CC6F002AB6DC0D83C /* RecoveryRateTests.swift */,
				CA202B6F37F514E81B92D0A2 /* WeekdayPickerSnapshotTests.swift */,
			);
			path = HabitMapCoreTests;
			sourceTree = "<group>";
		};
		ED245BC967A1C02FA28D225E /* Apps */ = {
			isa = PBXGroup;
			children = (
				D5265F109CD6C5DDA6778A5A /* iOS */,
			);
			path = Apps;
			sourceTree = "<group>";
		};
		ED9C9E8F17236413F6D97225 /* Products */ = {
			isa = PBXGroup;
			children = (
				7CCBE0C6D656FA4D1DC4322C /* HabitMap.app */,
				83929D2082830E8608F7059A /* HabitMapCoreTests.xctest */,
				4122B53BF8BC5E405F067E6A /* HabitMapUITests.xctest */,
			);
			name = Products;
			sourceTree = "<group>";
		};
/* End PBXGroup section */

/* Begin PBXNativeTarget section */
		850CD9F22BCBBBEE6CA44DF5 /* HabitMapCoreTests */ = {
			isa = PBXNativeTarget;
			buildConfigurationList = 29C331653609DFC8331DB8E1 /* Build configuration list for PBXNativeTarget "HabitMapCoreTests" */;
			buildPhases = (
				A9D6055CDF62716F201270E4 /* Sources */,
				9E9846936D8CFE934BBE0AF7 /* Frameworks */,
			);
			buildRules = (
			);
			dependencies = (
				37D7B79DE60E60B63487802A /* PBXTargetDependency */,
			);
			name = HabitMapCoreTests;
			packageProductDependencies = (
				20081F59EA1F2A1D6E9BA4A7 /* HabitMapCore */,
				914257ACAF85AA8CC4F6DC59 /* SnapshotTesting */,
			);
			productName = HabitMapCoreTests;
			productReference = 83929D2082830E8608F7059A /* HabitMapCoreTests.xctest */;
			productType = "com.apple.product-type.bundle.unit-test";
		};
		8A59C75D44111A57A0B9A8E0 /* HabitMap */ = {
			isa = PBXNativeTarget;
			buildConfigurationList = 772120B35D07C8D72AFDB739 /* Build configuration list for PBXNativeTarget "HabitMap" */;
			buildPhases = (
				CF0147E2D2C49B5F3E9C8799 /* Sources */,
				3CE6585427C54D439EBEB1CC /* Resources */,
				F693C0518EFB036F999E5F42 /* Frameworks */,
			);
			buildRules = (
			);
			dependencies = (
			);
			name = HabitMap;
			packageProductDependencies = (
				22AF425A965F27DE9A8361EF /* HabitMapCore */,
			);
			productName = HabitMap;
			productReference = 7CCBE0C6D656FA4D1DC4322C /* HabitMap.app */;
			productType = "com.apple.product-type.application";
		};
		8A86D287FEFD99213A413465 /* HabitMapUITests */ = {
			isa = PBXNativeTarget;
			buildConfigurationList = 0E5204B5276469249CD499DD /* Build configuration list for PBXNativeTarget "HabitMapUITests" */;
			buildPhases = (
				F25A15C95D738733B81B416E /* Sources */,
			);
			buildRules = (
			);
			dependencies = (
				F51CDD7C3EF1B070F1195D91 /* PBXTargetDependency */,
			);
			name = HabitMapUITests;
			packageProductDependencies = (
			);
			productName = HabitMapUITests;
			productReference = 4122B53BF8BC5E405F067E6A /* HabitMapUITests.xctest */;
			productType = "com.apple.product-type.bundle.ui-testing";
		};
/* End PBXNativeTarget section */

/* Begin PBXProject section */
		76718BD088F133390C1A24F9 /* Project object */ = {
			isa = PBXProject;
			attributes = {
				BuildIndependentTargetsInParallel = YES;
				LastUpgradeCheck = 1430;
				TargetAttributes = {
					850CD9F22BCBBBEE6CA44DF5 = {
						DevelopmentTeam = DEVTEAM;
					};
					8A59C75D44111A57A0B9A8E0 = {
						DevelopmentTeam = DEVTEAM;
					};
					8A86D287FEFD99213A413465 = {
						DevelopmentTeam = DEVTEAM;
						TestTargetID = 8A59C75D44111A57A0B9A8E0;
					};
				};
			};
			buildConfigurationList = 545A0B8ADA837A43B2E566C7 /* Build configuration list for PBXProject "HabitMap" */;
			developmentRegion = en;
			hasScannedForEncodings = 0;
			knownRegions = (
				Base,
				en,
			);
			mainGroup = B437A43775B19AB0E5406F68;
			minimizedProjectReferenceProxies = 1;
			packageReferences = (
				4A0EA7EE406F0D55577D70C6 /* XCRemoteSwiftPackageReference "swift-snapshot-testing" */,
				809CA7EBAA7A8F22BB938B86 /* XCLocalSwiftPackageReference "Packages/HabitMapCore" */,
			);
			preferredProjectObjectVersion = 77;
			productRefGroup = ED9C9E8F17236413F6D97225 /* Products */;
			projectDirPath = "";
			projectRoot = "";
			targets = (
				8A59C75D44111A57A0B9A8E0 /* HabitMap */,
				850CD9F22BCBBBEE6CA44DF5 /* HabitMapCoreTests */,
				8A86D287FEFD99213A413465 /* HabitMapUITests */,
			);
		};
/* End PBXProject section */

/* Begin PBXResourcesBuildPhase section */
		3CE6585427C54D439EBEB1CC /* Resources */ = {
			isa = PBXResourcesBuildPhase;
			buildActionMask = 2147483647;
			files = (
				AC6A4EFE71F15FF57178E984 /* Assets.xcassets in Resources */,
			);
			runOnlyForDeploymentPostprocessing = 0;
		};
/* End PBXResourcesBuildPhase section */

/* Begin PBXSourcesBuildPhase section */
		A9D6055CDF62716F201270E4 /* Sources */ = {
			isa = PBXSourcesBuildPhase;
			buildActionMask = 2147483647;
			files = (
				F82555E731C9E9C11900E5EF /* AccentSwatchPickerSnapshotTests.swift in Sources */,
				B41D509393C9081266DDB4B2 /* ColorHexTests.swift in Sources */,
				35CEFC2C0F66B1CEB4D8EE48 /* EmojiPickerTests.swift in Sources */,
				98FF2CE8246EDFFC3AF2495D /* FABSnapshotTests.swift in Sources */,
				E15C6799EE4634CD70E13166 /* HabitCellSnapshotTests.swift in Sources */,
				1F580AC2C4C83A7BECA2FE35 /* HabitModelTests.swift in Sources */,
				6FC75F9B2B284442AC704AC0 /* PixelButtonSnapshotTests.swift in Sources */,
				52A713F8F246F34FAC6683A6 /* PixelFontSnapshotTests.swift in Sources */,
				477E8365631C9C4FD4778572 /* PixelIconSnapshotTests.swift in Sources */,
				52A337AB988DDABEAA639F1E /* PixelRingSnapshotTests.swift in Sources */,
				7CB345DE49CB46018677CA6B /* PixelToggleSnapshotTests.swift in Sources */,
				676FBF409FCB0281DBAEB69B /* PlaceholderTests.swift in Sources */,
				D0D3974CDC3B9B34A4BF4AF7 /* RecoveryRateTests.swift in Sources */,
				BC2DC3B2CD26F9F92EAA4636 /* WeekdayPickerSnapshotTests.swift in Sources */,
			);
			runOnlyForDeploymentPostprocessing = 0;
		};
		CF0147E2D2C49B5F3E9C8799 /* Sources */ = {
			isa = PBXSourcesBuildPhase;
			buildActionMask = 2147483647;
			files = (
				CD19CEC342E600095D419F79 /* HabitMapApp.swift in Sources */,
				F934E0E95408BCCA8E7B63D2 /* HabitRow.swift in Sources */,
				6542FB6D68F93C49CD535F51 /* HeaderView.swift in Sources */,
				39450D2EEF7DE83C4F7C328D /* PageContentView.swift in Sources */,
				E4A006FF7F05B265EF3D4D57 /* TabBar.swift in Sources */,
				B1342A8249100E4E31F7FE53 /* TodayView.swift in Sources */,
			);
			runOnlyForDeploymentPostprocessing = 0;
		};
		F25A15C95D738733B81B416E /* Sources */ = {
			isa = PBXSourcesBuildPhase;
			buildActionMask = 2147483647;
			files = (
				9B272DE7317EEE170275993F /* TodayFlowUITests.swift in Sources */,
			);
			runOnlyForDeploymentPostprocessing = 0;
		};
/* End PBXSourcesBuildPhase section */

/* Begin PBXTargetDependency section */
		37D7B79DE60E60B63487802A /* PBXTargetDependency */ = {
			isa = PBXTargetDependency;
			target = 8A59C75D44111A57A0B9A8E0 /* HabitMap */;
			targetProxy = AAFF25D6786C70587BB3AF51 /* PBXContainerItemProxy */;
		};
		F51CDD7C3EF1B070F1195D91 /* PBXTargetDependency */ = {
			isa = PBXTargetDependency;
			target = 8A59C75D44111A57A0B9A8E0 /* HabitMap */;
			targetProxy = 8835A193184F634EB1C7B0E0 /* PBXContainerItemProxy */;
		};
/* End PBXTargetDependency section */

/* Begin XCBuildConfiguration section */
		6E3294B14F32E743372A3396 /* Debug */ = {
			isa = XCBuildConfiguration;
			buildSettings = {
				BUNDLE_LOADER = "$(TEST_HOST)";
				GENERATE_INFOPLIST_FILE = YES;
				IPHONEOS_DEPLOYMENT_TARGET = 17.0;
				LD_RUNPATH_SEARCH_PATHS = (
					"$(inherited)",
					"@executable_path/Frameworks",
					"@loader_path/Frameworks",
				);
				PRODUCT_BUNDLE_IDENTIFIER = com.adam.HabitMapCoreTests;
				SDKROOT = iphoneos;
				TARGETED_DEVICE_FAMILY = "1,2";
				TEST_HOST = "$(BUILT_PRODUCTS_DIR)/HabitMap.app/$(BUNDLE_EXECUTABLE_FOLDER_PATH)/HabitMap";
			};
			name = Debug;
		};
		7A224501D935DC8EC42F7305 /* Debug */ = {
			isa = XCBuildConfiguration;
			buildSettings = {
				ASSETCATALOG_COMPILER_APPICON_NAME = AppIcon;
				CODE_SIGN_ENTITLEMENTS = Apps/iOS/HabitMap/HabitMap.entitlements;
				CODE_SIGN_IDENTITY = "iPhone Developer";
				INFOPLIST_FILE = Apps/iOS/HabitMap/Info.plist;
				INFOPLIST_KEY_UIApplicationSceneManifest_Generation = YES;
				INFOPLIST_KEY_UIRequiresFullScreen = NO;
				IPHONEOS_DEPLOYMENT_TARGET = 17.0;
				LD_RUNPATH_SEARCH_PATHS = (
					"$(inherited)",
					"@executable_path/Frameworks",
				);
				PRODUCT_BUNDLE_IDENTIFIER = com.adam.habitmap;
				SDKROOT = iphoneos;
				TARGETED_DEVICE_FAMILY = "1,2";
			};
			name = Debug;
		};
		84012EB2ECF8D9F1CA86DE3C /* Debug */ = {
			isa = XCBuildConfiguration;
			buildSettings = {
				BUNDLE_LOADER = "$(TEST_HOST)";
				GENERATE_INFOPLIST_FILE = YES;
				LD_RUNPATH_SEARCH_PATHS = (
					"$(inherited)",
					"@executable_path/Frameworks",
					"@loader_path/Frameworks",
				);
				PRODUCT_BUNDLE_IDENTIFIER = com.adam.HabitMapUITests;
				SDKROOT = iphoneos;
				TARGETED_DEVICE_FAMILY = "1,2";
				TEST_TARGET_NAME = HabitMap;
			};
			name = Debug;
		};
		8B0A6F4D3B5299B3AC040838 /* Release */ = {
			isa = XCBuildConfiguration;
			buildSettings = {
				ASSETCATALOG_COMPILER_APPICON_NAME = AppIcon;
				CODE_SIGN_ENTITLEMENTS = Apps/iOS/HabitMap/HabitMap.entitlements;
				CODE_SIGN_IDENTITY = "iPhone Developer";
				INFOPLIST_FILE = Apps/iOS/HabitMap/Info.plist;
				INFOPLIST_KEY_UIApplicationSceneManifest_Generation = YES;
				INFOPLIST_KEY_UIRequiresFullScreen = NO;
				IPHONEOS_DEPLOYMENT_TARGET = 17.0;
				LD_RUNPATH_SEARCH_PATHS = (
					"$(inherited)",
					"@executable_path/Frameworks",
				);
				PRODUCT_BUNDLE_IDENTIFIER = com.adam.habitmap;
				SDKROOT = iphoneos;
				TARGETED_DEVICE_FAMILY = "1,2";
			};
			name = Release;
		};
		8F1B1858B4F0A646D018F5A8 /* Release */ = {
			isa = XCBuildConfiguration;
			buildSettings = {
				BUNDLE_LOADER = "$(TEST_HOST)";
				GENERATE_INFOPLIST_FILE = YES;
				LD_RUNPATH_SEARCH_PATHS = (
					"$(inherited)",
					"@executable_path/Frameworks",
					"@loader_path/Frameworks",
				);
				PRODUCT_BUNDLE_IDENTIFIER = com.adam.HabitMapUITests;
				SDKROOT = iphoneos;
				TARGETED_DEVICE_FAMILY = "1,2";
				TEST_TARGET_NAME = HabitMap;
			};
			name = Release;
		};
		CA76833084FFE472BD1493EC /* Release */ = {
			isa = XCBuildConfiguration;
			buildSettings = {
				ALWAYS_SEARCH_USER_PATHS = NO;
				CLANG_ANALYZER_NONNULL = YES;
				CLANG_ANALYZER_NUMBER_OBJECT_CONVERSION = YES_AGGRESSIVE;
				CLANG_CXX_LANGUAGE_STANDARD = "gnu++14";
				CLANG_CXX_LIBRARY = "libc++";
				CLANG_ENABLE_MODULES = YES;
				CLANG_ENABLE_OBJC_ARC = YES;
				CLANG_ENABLE_OBJC_WEAK = YES;
				CLANG_WARN_BLOCK_CAPTURE_AUTORELEASING = YES;
				CLANG_WARN_BOOL_CONVERSION = YES;
				CLANG_WARN_COMMA = YES;
				CLANG_WARN_CONSTANT_CONVERSION = YES;
				CLANG_WARN_DEPRECATED_OBJC_IMPLEMENTATIONS = YES;
				CLANG_WARN_DIRECT_OBJC_ISA_USAGE = YES_ERROR;
				CLANG_WARN_DOCUMENTATION_COMMENTS = YES;
				CLANG_WARN_EMPTY_BODY = YES;
				CLANG_WARN_ENUM_CONVERSION = YES;
				CLANG_WARN_INFINITE_RECURSION = YES;
				CLANG_WARN_INT_CONVERSION = YES;
				CLANG_WARN_NON_LITERAL_NULL_CONVERSION = YES;
				CLANG_WARN_OBJC_IMPLICIT_RETAIN_SELF = YES;
				CLANG_WARN_OBJC_LITERAL_CONVERSION = YES;
				CLANG_WARN_OBJC_ROOT_CLASS = YES_ERROR;
				CLANG_WARN_QUOTED_INCLUDE_IN_FRAMEWORK_HEADER = YES;
				CLANG_WARN_RANGE_LOOP_ANALYSIS = YES;
				CLANG_WARN_STRICT_PROTOTYPES = YES;
				CLANG_WARN_SUSPICIOUS_MOVE = YES;
				CLANG_WARN_UNGUARDED_AVAILABILITY = YES_AGGRESSIVE;
				CLANG_WARN_UNREACHABLE_CODE = YES;
				CLANG_WARN__DUPLICATE_METHOD_MATCH = YES;
				COPY_PHASE_STRIP = NO;
				DEBUG_INFORMATION_FORMAT = "dwarf-with-dsym";
				DEVELOPMENT_TEAM = DEVTEAM;
				ENABLE_NS_ASSERTIONS = NO;
				ENABLE_STRICT_OBJC_MSGSEND = YES;
				ENABLE_USER_SCRIPT_SANDBOXING = NO;
				GCC_C_LANGUAGE_STANDARD = gnu11;
				GCC_NO_COMMON_BLOCKS = YES;
				GCC_WARN_64_TO_32_BIT_CONVERSION = YES;
				GCC_WARN_ABOUT_RETURN_TYPE = YES_ERROR;
				GCC_WARN_UNDECLARED_SELECTOR = YES;
				GCC_WARN_UNINITIALIZED_AUTOS = YES_AGGRESSIVE;
				GCC_WARN_UNUSED_FUNCTION = YES;
				GCC_WARN_UNUSED_VARIABLE = YES;
				IPHONEOS_DEPLOYMENT_TARGET = 17.0;
				MTL_ENABLE_DEBUG_INFO = NO;
				MTL_FAST_MATH = YES;
				PRODUCT_NAME = "$(TARGET_NAME)";
				SDKROOT = iphoneos;
				SWIFT_COMPILATION_MODE = wholemodule;
				SWIFT_OPTIMIZATION_LEVEL = "-O";
				SWIFT_STRICT_CONCURRENCY = complete;
				SWIFT_VERSION = 5.9;
			};
			name = Release;
		};
		EC4C74872CF5273611A721ED /* Debug */ = {
			isa = XCBuildConfiguration;
			buildSettings = {
				ALWAYS_SEARCH_USER_PATHS = NO;
				CLANG_ANALYZER_NONNULL = YES;
				CLANG_ANALYZER_NUMBER_OBJECT_CONVERSION = YES_AGGRESSIVE;
				CLANG_CXX_LANGUAGE_STANDARD = "gnu++14";
				CLANG_CXX_LIBRARY = "libc++";
				CLANG_ENABLE_MODULES = YES;
				CLANG_ENABLE_OBJC_ARC = YES;
				CLANG_ENABLE_OBJC_WEAK = YES;
				CLANG_WARN_BLOCK_CAPTURE_AUTORELEASING = YES;
				CLANG_WARN_BOOL_CONVERSION = YES;
				CLANG_WARN_COMMA = YES;
				CLANG_WARN_CONSTANT_CONVERSION = YES;
				CLANG_WARN_DEPRECATED_OBJC_IMPLEMENTATIONS = YES;
				CLANG_WARN_DIRECT_OBJC_ISA_USAGE = YES_ERROR;
				CLANG_WARN_DOCUMENTATION_COMMENTS = YES;
				CLANG_WARN_EMPTY_BODY = YES;
				CLANG_WARN_ENUM_CONVERSION = YES;
				CLANG_WARN_INFINITE_RECURSION = YES;
				CLANG_WARN_INT_CONVERSION = YES;
				CLANG_WARN_NON_LITERAL_NULL_CONVERSION = YES;
				CLANG_WARN_OBJC_IMPLICIT_RETAIN_SELF = YES;
				CLANG_WARN_OBJC_LITERAL_CONVERSION = YES;
				CLANG_WARN_OBJC_ROOT_CLASS = YES_ERROR;
				CLANG_WARN_QUOTED_INCLUDE_IN_FRAMEWORK_HEADER = YES;
				CLANG_WARN_RANGE_LOOP_ANALYSIS = YES;
				CLANG_WARN_STRICT_PROTOTYPES = YES;
				CLANG_WARN_SUSPICIOUS_MOVE = YES;
				CLANG_WARN_UNGUARDED_AVAILABILITY = YES_AGGRESSIVE;
				CLANG_WARN_UNREACHABLE_CODE = YES;
				CLANG_WARN__DUPLICATE_METHOD_MATCH = YES;
				COPY_PHASE_STRIP = NO;
				DEBUG_INFORMATION_FORMAT = dwarf;
				DEVELOPMENT_TEAM = DEVTEAM;
				ENABLE_STRICT_OBJC_MSGSEND = YES;
				ENABLE_TESTABILITY = YES;
				ENABLE_USER_SCRIPT_SANDBOXING = NO;
				GCC_C_LANGUAGE_STANDARD = gnu11;
				GCC_DYNAMIC_NO_PIC = NO;
				GCC_NO_COMMON_BLOCKS = YES;
				GCC_OPTIMIZATION_LEVEL = 0;
				GCC_PREPROCESSOR_DEFINITIONS = (
					"$(inherited)",
					"DEBUG=1",
				);
				GCC_WARN_64_TO_32_BIT_CONVERSION = YES;
				GCC_WARN_ABOUT_RETURN_TYPE = YES_ERROR;
				GCC_WARN_UNDECLARED_SELECTOR = YES;
				GCC_WARN_UNINITIALIZED_AUTOS = YES_AGGRESSIVE;
				GCC_WARN_UNUSED_FUNCTION = YES;
				GCC_WARN_UNUSED_VARIABLE = YES;
				IPHONEOS_DEPLOYMENT_TARGET = 17.0;
				MTL_ENABLE_DEBUG_INFO = INCLUDE_SOURCE;
				MTL_FAST_MATH = YES;
				ONLY_ACTIVE_ARCH = YES;
				PRODUCT_NAME = "$(TARGET_NAME)";
				SDKROOT = iphoneos;
				SWIFT_ACTIVE_COMPILATION_CONDITIONS = DEBUG;
				SWIFT_OPTIMIZATION_LEVEL = "-Onone";
				SWIFT_STRICT_CONCURRENCY = complete;
				SWIFT_VERSION = 5.9;
			};
			name = Debug;
		};
		FDA040B7C89104D3B5360B4F /* Release */ = {
			isa = XCBuildConfiguration;
			buildSettings = {
				BUNDLE_LOADER = "$(TEST_HOST)";
				GENERATE_INFOPLIST_FILE = YES;
				IPHONEOS_DEPLOYMENT_TARGET = 17.0;
				LD_RUNPATH_SEARCH_PATHS = (
					"$(inherited)",
					"@executable_path/Frameworks",
					"@loader_path/Frameworks",
				);
				PRODUCT_BUNDLE_IDENTIFIER = com.adam.HabitMapCoreTests;
				SDKROOT = iphoneos;
				TARGETED_DEVICE_FAMILY = "1,2";
				TEST_HOST = "$(BUILT_PRODUCTS_DIR)/HabitMap.app/$(BUNDLE_EXECUTABLE_FOLDER_PATH)/HabitMap";
			};
			name = Release;
		};
/* End XCBuildConfiguration section */

/* Begin XCConfigurationList section */
		0E5204B5276469249CD499DD /* Build configuration list for PBXNativeTarget "HabitMapUITests" */ = {
			isa = XCConfigurationList;
			buildConfigurations = (
				84012EB2ECF8D9F1CA86DE3C /* Debug */,
				8F1B1858B4F0A646D018F5A8 /* Release */,
			);
			defaultConfigurationIsVisible = 0;
			defaultConfigurationName = Debug;
		};
		29C331653609DFC8331DB8E1 /* Build configuration list for PBXNativeTarget "HabitMapCoreTests" */ = {
			isa = XCConfigurationList;
			buildConfigurations = (
				6E3294B14F32E743372A3396 /* Debug */,
				FDA040B7C89104D3B5360B4F /* Release */,
			);
			defaultConfigurationIsVisible = 0;
			defaultConfigurationName = Debug;
		};
		545A0B8ADA837A43B2E566C7 /* Build configuration list for PBXProject "HabitMap" */ = {
			isa = XCConfigurationList;
			buildConfigurations = (
				EC4C74872CF5273611A721ED /* Debug */,
				CA76833084FFE472BD1493EC /* Release */,
			);
			defaultConfigurationIsVisible = 0;
			defaultConfigurationName = Debug;
		};
		772120B35D07C8D72AFDB739 /* Build configuration list for PBXNativeTarget "HabitMap" */ = {
			isa = XCConfigurationList;
			buildConfigurations = (
				7A224501D935DC8EC42F7305 /* Debug */,
				8B0A6F4D3B5299B3AC040838 /* Release */,
			);
			defaultConfigurationIsVisible = 0;
			defaultConfigurationName = Debug;
		};
/* End XCConfigurationList section */

/* Begin XCLocalSwiftPackageReference section */
		809CA7EBAA7A8F22BB938B86 /* XCLocalSwiftPackageReference "Packages/HabitMapCore" */ = {
			isa = XCLocalSwiftPackageReference;
			relativePath = Packages/HabitMapCore;
		};
/* End XCLocalSwiftPackageReference section */

/* Begin XCRemoteSwiftPackageReference section */
		4A0EA7EE406F0D55577D70C6 /* XCRemoteSwiftPackageReference "swift-snapshot-testing" */ = {
			isa = XCRemoteSwiftPackageReference;
			repositoryURL = "https://github.com/pointfreeco/swift-snapshot-testing";
			requirement = {
				kind = upToNextMajorVersion;
				minimumVersion = 1.17.0;
			};
		};
/* End XCRemoteSwiftPackageReference section */

/* Begin XCSwiftPackageProductDependency section */
		20081F59EA1F2A1D6E9BA4A7 /* HabitMapCore */ = {
			isa = XCSwiftPackageProductDependency;
			productName = HabitMapCore;
		};
		22AF425A965F27DE9A8361EF /* HabitMapCore */ = {
			isa = XCSwiftPackageProductDependency;
			productName = HabitMapCore;
		};
		914257ACAF85AA8CC4F6DC59 /* SnapshotTesting */ = {
			isa = XCSwiftPackageProductDependency;
			package = 4A0EA7EE406F0D55577D70C6 /* XCRemoteSwiftPackageReference "swift-snapshot-testing" */;
			productName = SnapshotTesting;
		};
/* End XCSwiftPackageProductDependency section */
	};
	rootObject = 76718BD088F133390C1A24F9 /* Project object */;
}
